
Microsoft Visual Studio Solution File, Format Version 12.00
# Visual Studio Version 17
VisualStudioVersion = 17.7.34024.191
MinimumVisualStudioVersion = 10.0.40219.1
Project("{FAE04EC0-301F-11D3-BF4B-00C04F79EFBC}") = "Lab 9.2", "Lab 9.2.csproj", "{51AD0094-7D86-4572-B3CF-F8E09D1376D4}"
EndProject
Global
	GlobalSection(SolutionConfigurationPlatforms) = preSolution
		Debug|Any CPU = Debug|Any CPU
		Release|Any CPU = Release|Any CPU
	EndGlobalSection
	GlobalSection(ProjectConfigurationPlatforms) = postSolution
		{51AD0094-7D86-4572-B3CF-F8E09D1376D4}.Debug|Any CPU.ActiveCfg = Debug|Any CPU
		{51AD0094-7D86-4572-B3CF-F8E09D1376D4}.Debug|Any CPU.Build.0 = Debug|Any CPU
		{51AD0094-7D86-4572-B3CF-F8E09D1376D4}.Release|Any CPU.ActiveCfg = Release|Any CPU
		{51AD0094-7D86-4572-B3CF-F8E09D1376D4}.Release|Any CPU.Build.0 = Release|Any CPU
	EndGlobalSection
	GlobalSection(SolutionProperties) = preSolution
		HideSolutionNode = FALSE
	EndGlobalSection
	GlobalSection(ExtensibilityGlobals) = postSolution
		SolutionGuid = {3A0DB9B6-9904-489B-9FEA-1131D2B00D71}
	EndGlobalSection
EndGlobal
