
Microsoft Visual Studio Solution File, Format Version 12.00
# Visual Studio Version 17
VisualStudioVersion = 17.7.34031.279
MinimumVisualStudioVersion = 10.0.40219.1
Project("{FAE04EC0-301F-11D3-BF4B-00C04F79EFBC}") = "1_Event_Implementation", "Lab11\1_Event_Implementation.csproj", "{C53F058C-875B-40C5-A447-1C08FE029A4F}"
EndProject
Project("{FAE04EC0-301F-11D3-BF4B-00C04F79EFBC}") = "2_King’s_Gambit", "2_King’s_Gambit\2_King’s_Gambit.csproj", "{77DA595B-65D0-46B1-8FB1-09794C1413B2}"
EndProject
Project("{FAE04EC0-301F-11D3-BF4B-00C04F79EFBC}") = "3_Dependency_Inversion", "3_Dependency_Inversion\3_Dependency_Inversion.csproj", "{0DB24950-04B7-482C-92B9-E9EA20F79124}"
EndProject
Project("{FAE04EC0-301F-11D3-BF4B-00C04F79EFBC}") = "4_Work_Force", "4_Work_Force\4_Work_Force.csproj", "{AB15D84D-E1A1-4CB9-8147-8AB20C17D90F}"
EndProject
Project("{FAE04EC0-301F-11D3-BF4B-00C04F79EFBC}") = "5_King’s_Gambit_Extended", "5_King’s_Gambit_Extended\5_King’s_Gambit_Extended.csproj", "{FD6D7662-D63E-4BD1-9640-06881054B953}"
EndProject
Global
	GlobalSection(SolutionConfigurationPlatforms) = preSolution
		Debug|Any CPU = Debug|Any CPU
		Release|Any CPU = Release|Any CPU
	EndGlobalSection
	GlobalSection(ProjectConfigurationPlatforms) = postSolution
		{C53F058C-875B-40C5-A447-1C08FE029A4F}.Debug|Any CPU.ActiveCfg = Debug|Any CPU
		{C53F058C-875B-40C5-A447-1C08FE029A4F}.Debug|Any CPU.Build.0 = Debug|Any CPU
		{C53F058C-875B-40C5-A447-1C08FE029A4F}.Release|Any CPU.ActiveCfg = Release|Any CPU
		{C53F058C-875B-40C5-A447-1C08FE029A4F}.Release|Any CPU.Build.0 = Release|Any CPU
		{77DA595B-65D0-46B1-8FB1-09794C1413B2}.Debug|Any CPU.ActiveCfg = Debug|Any CPU
		{77DA595B-65D0-46B1-8FB1-09794C1413B2}.Debug|Any CPU.Build.0 = Debug|Any CPU
		{77DA595B-65D0-46B1-8FB1-09794C1413B2}.Release|Any CPU.ActiveCfg = Release|Any CPU
		{77DA595B-65D0-46B1-8FB1-09794C1413B2}.Release|Any CPU.Build.0 = Release|Any CPU
		{0DB24950-04B7-482C-92B9-E9EA20F79124}.Debug|Any CPU.ActiveCfg = Debug|Any CPU
		{0DB24950-04B7-482C-92B9-E9EA20F79124}.Debug|Any CPU.Build.0 = Debug|Any CPU
		{0DB24950-04B7-482C-92B9-E9EA20F79124}.Release|Any CPU.ActiveCfg = Release|Any CPU
		{0DB24950-04B7-482C-92B9-E9EA20F79124}.Release|Any CPU.Build.0 = Release|Any CPU
		{AB15D84D-E1A1-4CB9-8147-8AB20C17D90F}.Debug|Any CPU.ActiveCfg = Debug|Any CPU
		{AB15D84D-E1A1-4CB9-8147-8AB20C17D90F}.Debug|Any CPU.Build.0 = Debug|Any CPU
		{AB15D84D-E1A1-4CB9-8147-8AB20C17D90F}.Release|Any CPU.ActiveCfg = Release|Any CPU
		{AB15D84D-E1A1-4CB9-8147-8AB20C17D90F}.Release|Any CPU.Build.0 = Release|Any CPU
		{FD6D7662-D63E-4BD1-9640-06881054B953}.Debug|Any CPU.ActiveCfg = Debug|Any CPU
		{FD6D7662-D63E-4BD1-9640-06881054B953}.Debug|Any CPU.Build.0 = Debug|Any CPU
		{FD6D7662-D63E-4BD1-9640-06881054B953}.Release|Any CPU.ActiveCfg = Release|Any CPU
		{FD6D7662-D63E-4BD1-9640-06881054B953}.Release|Any CPU.Build.0 = Release|Any CPU
	EndGlobalSection
	GlobalSection(SolutionProperties) = preSolution
		HideSolutionNode = FALSE
	EndGlobalSection
	GlobalSection(ExtensibilityGlobals) = postSolution
		SolutionGuid = {17733930-8495-43BF-8DB5-F899AEEE2F56}
	EndGlobalSection
EndGlobal
