
Microsoft Visual Studio Solution File, Format Version 12.00
# Visual Studio Version 17
VisualStudioVersion = 17.7.34024.191
MinimumVisualStudioVersion = 10.0.40219.1
Project("{FAE04EC0-301F-11D3-BF4B-00C04F79EFBC}") = "Lab6.2", "Lab6.2.csproj", "{7E30E264-2BB5-4643-A1C7-9DD1231EB69F}"
EndProject
Global
	GlobalSection(SolutionConfigurationPlatforms) = preSolution
		Debug|Any CPU = Debug|Any CPU
		Release|Any CPU = Release|Any CPU
	EndGlobalSection
	GlobalSection(ProjectConfigurationPlatforms) = postSolution
		{7E30E264-2BB5-4643-A1C7-9DD1231EB69F}.Debug|Any CPU.ActiveCfg = Debug|Any CPU
		{7E30E264-2BB5-4643-A1C7-9DD1231EB69F}.Debug|Any CPU.Build.0 = Debug|Any CPU
		{7E30E264-2BB5-4643-A1C7-9DD1231EB69F}.Release|Any CPU.ActiveCfg = Release|Any CPU
		{7E30E264-2BB5-4643-A1C7-9DD1231EB69F}.Release|Any CPU.Build.0 = Release|Any CPU
	EndGlobalSection
	GlobalSection(SolutionProperties) = preSolution
		HideSolutionNode = FALSE
	EndGlobalSection
	GlobalSection(ExtensibilityGlobals) = postSolution
		SolutionGuid = {39707657-5363-4290-BB29-09B7AE0D1340}
	EndGlobalSection
EndGlobal
