
Microsoft Visual Studio Solution File, Format Version 12.00
# Visual Studio Version 17
VisualStudioVersion = 17.7.34024.191
MinimumVisualStudioVersion = 10.0.40219.1
Project("{FAE04EC0-301F-11D3-BF4B-00C04F79EFBC}") = "Lab 8.10", "Lab 8.10.csproj", "{7D3CE8D5-D581-4317-9D85-569D2DB8728D}"
EndProject
Global
	GlobalSection(SolutionConfigurationPlatforms) = preSolution
		Debug|Any CPU = Debug|Any CPU
		Release|Any CPU = Release|Any CPU
	EndGlobalSection
	GlobalSection(ProjectConfigurationPlatforms) = postSolution
		{7D3CE8D5-D581-4317-9D85-569D2DB8728D}.Debug|Any CPU.ActiveCfg = Debug|Any CPU
		{7D3CE8D5-D581-4317-9D85-569D2DB8728D}.Debug|Any CPU.Build.0 = Debug|Any CPU
		{7D3CE8D5-D581-4317-9D85-569D2DB8728D}.Release|Any CPU.ActiveCfg = Release|Any CPU
		{7D3CE8D5-D581-4317-9D85-569D2DB8728D}.Release|Any CPU.Build.0 = Release|Any CPU
	EndGlobalSection
	GlobalSection(SolutionProperties) = preSolution
		HideSolutionNode = FALSE
	EndGlobalSection
	GlobalSection(ExtensibilityGlobals) = postSolution
		SolutionGuid = {29F09282-402C-4EA6-BF6E-596C74BA1FD2}
	EndGlobalSection
EndGlobal
