
Microsoft Visual Studio Solution File, Format Version 12.00
# Visual Studio Version 17
VisualStudioVersion = 17.7.34024.191
MinimumVisualStudioVersion = 10.0.40219.1
Project("{FAE04EC0-301F-11D3-BF4B-00C04F79EFBC}") = "Lab 10.6", "Lab 10.6.csproj", "{085D01BC-A8D6-4AE5-B6DE-3435CE06ED60}"
EndProject
Global
	GlobalSection(SolutionConfigurationPlatforms) = preSolution
		Debug|Any CPU = Debug|Any CPU
		Release|Any CPU = Release|Any CPU
	EndGlobalSection
	GlobalSection(ProjectConfigurationPlatforms) = postSolution
		{085D01BC-A8D6-4AE5-B6DE-3435CE06ED60}.Debug|Any CPU.ActiveCfg = Debug|Any CPU
		{085D01BC-A8D6-4AE5-B6DE-3435CE06ED60}.Debug|Any CPU.Build.0 = Debug|Any CPU
		{085D01BC-A8D6-4AE5-B6DE-3435CE06ED60}.Release|Any CPU.ActiveCfg = Release|Any CPU
		{085D01BC-A8D6-4AE5-B6DE-3435CE06ED60}.Release|Any CPU.Build.0 = Release|Any CPU
	EndGlobalSection
	GlobalSection(SolutionProperties) = preSolution
		HideSolutionNode = FALSE
	EndGlobalSection
	GlobalSection(ExtensibilityGlobals) = postSolution
		SolutionGuid = {ABFB5730-4652-4D4B-95F3-61F5D441D7E0}
	EndGlobalSection
EndGlobal
