
Microsoft Visual Studio Solution File, Format Version 12.00
# Visual Studio Version 17
VisualStudioVersion = 17.7.34024.191
MinimumVisualStudioVersion = 10.0.40219.1
Project("{FAE04EC0-301F-11D3-BF4B-00C04F79EFBC}") = "Lab 8.6", "Lab 8.6.csproj", "{14DF88E6-1CB3-481F-8F17-B165908FD374}"
EndProject
Global
	GlobalSection(SolutionConfigurationPlatforms) = preSolution
		Debug|Any CPU = Debug|Any CPU
		Release|Any CPU = Release|Any CPU
	EndGlobalSection
	GlobalSection(ProjectConfigurationPlatforms) = postSolution
		{14DF88E6-1CB3-481F-8F17-B165908FD374}.Debug|Any CPU.ActiveCfg = Debug|Any CPU
		{14DF88E6-1CB3-481F-8F17-B165908FD374}.Debug|Any CPU.Build.0 = Debug|Any CPU
		{14DF88E6-1CB3-481F-8F17-B165908FD374}.Release|Any CPU.ActiveCfg = Release|Any CPU
		{14DF88E6-1CB3-481F-8F17-B165908FD374}.Release|Any CPU.Build.0 = Release|Any CPU
	EndGlobalSection
	GlobalSection(SolutionProperties) = preSolution
		HideSolutionNode = FALSE
	EndGlobalSection
	GlobalSection(ExtensibilityGlobals) = postSolution
		SolutionGuid = {685024D9-60BA-4002-AB2D-D15C88C21000}
	EndGlobalSection
EndGlobal
